// !$*UTF8*$!
{
	archiveVersion = 1;
	classes = {
	};
	objectVersion = 46;
	objects = {

/* Begin PBXBuildFile section */
		C5AC3DE81EA703F100D7FA05 /* AppDelegate.swift in Sources */ = {isa = PBXBuildFile; fileRef = C5AC3DE71EA703F100D7FA05 /* AppDelegate.swift */; };
		C5AC3DEA1EA703F100D7FA05 /* ViewController.swift in Sources */ = {isa = PBXBuildFile; fileRef = C5AC3DE91EA703F100D7FA05 /* ViewController.swift */; };
		C5AC3DED1EA703F100D7FA05 /* Main.storyboard in Resources */ = {isa = PBXBuildFile; fileRef = C5AC3DEB1EA703F100D7FA05 /* Main.storyboard */; };
		C5AC3DEF1EA703F100D7FA05 /* Assets.xcassets in Resources */ = {isa = PBXBuildFile; fileRef = C5AC3DEE1EA703F100D7FA05 /* Assets.xcassets */; };
		C5AC3DF21EA703F100D7FA05 /* LaunchScreen.storyboard in Resources */ = {isa = PBXBuildFile; fileRef = C5AC3DF01EA703F100D7FA05 /* LaunchScreen.storyboard */; };
		C5AC3DFB1EA704E900D7FA05 /* HLConstant.swift in Sources */ = {isa = PBXBuildFile; fileRef = C5AC3DFA1EA704E900D7FA05 /* HLConstant.swift */; };
		C5AC3DFF1EA70B5D00D7FA05 /* HLBaseViewController.swift in Sources */ = {isa = PBXBuildFile; fileRef = C5AC3DFE1EA70B5D00D7FA05 /* HLBaseViewController.swift */; };
		C5AC3E041EA732A500D7FA05 /* PropertyAnimationViewController.swift in Sources */ = {isa = PBXBuildFile; fileRef = C5AC3E031EA732A500D7FA05 /* PropertyAnimationViewController.swift */; };
		C5AC3E061EA7448E00D7FA05 /* KeyframeAnimationsViewController.swift in Sources */ = {isa = PBXBuildFile; fileRef = C5AC3E051EA7448E00D7FA05 /* KeyframeAnimationsViewController.swift */; };
		C5AC3E081EA7628000D7FA05 /* VirtualPropertyAnimationViewController.swift in Sources */ = {isa = PBXBuildFile; fileRef = C5AC3E071EA7628000D7FA05 /* VirtualPropertyAnimationViewController.swift */; };
		C5AC3E0A1EA768A200D7FA05 /* GroupsAnimationViewController.swift in Sources */ = {isa = PBXBuildFile; fileRef = C5AC3E091EA768A200D7FA05 /* GroupsAnimationViewController.swift */; };
		C5AC3E0C1EA76D6B00D7FA05 /* TransitionsAnimationViewController.swift in Sources */ = {isa = PBXBuildFile; fileRef = C5AC3E0B1EA76D6B00D7FA05 /* TransitionsAnimationViewController.swift */; };
		C5AC3E0E1EA780A800D7FA05 /* CustomTransitionsViewController.swift in Sources */ = {isa = PBXBuildFile; fileRef = C5AC3E0D1EA780A800D7FA05 /* CustomTransitionsViewController.swift */; };
		C5AC3E111EA78AEF00D7FA05 /* ImplicitAnimationsViewController.swift in Sources */ = {isa = PBXBuildFile; fileRef = C5AC3E101EA78AEF00D7FA05 /* ImplicitAnimationsViewController.swift */; };
/* End PBXBuildFile section */

/* Begin PBXFileReference section */
		C5AC3DE41EA703F000D7FA05 /* AnimationDemo.app */ = {isa = PBXFileReference; explicitFileType = wrapper.application; includeInIndex = 0; path = AnimationDemo.app; sourceTree = BUILT_PRODUCTS_DIR; };
		C5AC3DE71EA703F100D7FA05 /* AppDelegate.swift */ = {isa = PBXFileReference; lastKnownFileType = sourcecode.swift; path = AppDelegate.swift; sourceTree = "<group>"; };
		C5AC3DE91EA703F100D7FA05 /* ViewController.swift */ = {isa = PBXFileReference; lastKnownFileType = sourcecode.swift; path = ViewController.swift; sourceTree = "<group>"; };
		C5AC3DEC1EA703F100D7FA05 /* Base */ = {isa = PBXFileReference; lastKnownFileType = file.storyboard; name = Base; path = Base.lproj/Main.storyboard; sourceTree = "<group>"; };
		C5AC3DEE1EA703F100D7FA05 /* Assets.xcassets */ = {isa = PBXFileReference; lastKnownFileType = folder.assetcatalog; path = Assets.xcassets; sourceTree = "<group>"; };
		C5AC3DF11EA703F100D7FA05 /* Base */ = {isa = PBXFileReference; lastKnownFileType = file.storyboard; name = Base; path = Base.lproj/LaunchScreen.storyboard; sourceTree = "<group>"; };
		C5AC3DF31EA703F100D7FA05 /* Info.plist */ = {isa = PBXFileReference; lastKnownFileType = text.plist.xml; path = Info.plist; sourceTree = "<group>"; };
		C5AC3DFA1EA704E900D7FA05 /* HLConstant.swift */ = {isa = PBXFileReference; fileEncoding = 4; lastKnownFileType = sourcecode.swift; path = HLConstant.swift; sourceTree = "<group>"; };
		C5AC3DFE1EA70B5D00D7FA05 /* HLBaseViewController.swift */ = {isa = PBXFileReference; fileEncoding = 4; lastKnownFileType = sourcecode.swift; path = HLBaseViewController.swift; sourceTree = "<group>"; };
		C5AC3E031EA732A500D7FA05 /* PropertyAnimationViewController.swift */ = {isa = PBXFileReference; fileEncoding = 4; lastKnownFileType = sourcecode.swift; path = PropertyAnimationViewController.swift; sourceTree = "<group>"; };
		C5AC3E051EA7448E00D7FA05 /* KeyframeAnimationsViewController.swift */ = {isa = PBXFileReference; fileEncoding = 4; lastKnownFileType = sourcecode.swift; path = KeyframeAnimationsViewController.swift; sourceTree = "<group>"; };
		C5AC3E071EA7628000D7FA05 /* VirtualPropertyAnimationViewController.swift */ = {isa = PBXFileReference; fileEncoding = 4; lastKnownFileType = sourcecode.swift; path = VirtualPropertyAnimationViewController.swift; sourceTree = "<group>"; };
		C5AC3E091EA768A200D7FA05 /* GroupsAnimationViewController.swift */ = {isa = PBXFileReference; fileEncoding = 4; lastKnownFileType = sourcecode.swift; path = GroupsAnimationViewController.swift; sourceTree = "<group>"; };
		C5AC3E0B1EA76D6B00D7FA05 /* TransitionsAnimationViewController.swift */ = {isa = PBXFileReference; fileEncoding = 4; lastKnownFileType = sourcecode.swift; path = TransitionsAnimationViewController.swift; sourceTree = "<group>"; };
		C5AC3E0D1EA780A800D7FA05 /* CustomTransitionsViewController.swift */ = {isa = PBXFileReference; fileEncoding = 4; lastKnownFileType = sourcecode.swift; path = CustomTransitionsViewController.swift; sourceTree = "<group>"; };
		C5AC3E101EA78AEF00D7FA05 /* ImplicitAnimationsViewController.swift */ = {isa = PBXFileReference; fileEncoding = 4; lastKnownFileType = sourcecode.swift; path = ImplicitAnimationsViewController.swift; sourceTree = "<group>"; };
/* End PBXFileReference section */

/* Begin PBXFrameworksBuildPhase section */
		C5AC3DE11EA703F000D7FA05 /* Frameworks */ = {
			isa = PBXFrameworksBuildPhase;
			buildActionMask = 2147483647;
			files = (
			);
			runOnlyForDeploymentPostprocessing = 0;
		};
/* End PBXFrameworksBuildPhase section */

/* Begin PBXGroup section */
		C5AC3DDB1EA703F000D7FA05 = {
			isa = PBXGroup;
			children = (
				C5AC3DE61EA703F000D7FA05 /* AnimationDemo */,
				C5AC3DE51EA703F000D7FA05 /* Products */,
			);
			sourceTree = "<group>";
		};
		C5AC3DE51EA703F000D7FA05 /* Products */ = {
			isa = PBXGroup;
			children = (
				C5AC3DE41EA703F000D7FA05 /* AnimationDemo.app */,
			);
			name = Products;
			sourceTree = "<group>";
		};
		C5AC3DE61EA703F000D7FA05 /* AnimationDemo */ = {
			isa = PBXGroup;
			children = (
				C5AC3DFD1EA70B5D00D7FA05 /* Base */,
				C5AC3DF91EA704E900D7FA05 /* Tools */,
				C5AC3E021EA732A500D7FA05 /* ExplicitAnimations */,
				C5AC3E0F1EA78AD400D7FA05 /* ImplicitAnimations */,
				C5AC3DE71EA703F100D7FA05 /* AppDelegate.swift */,
				C5AC3DE91EA703F100D7FA05 /* ViewController.swift */,
				C5AC3DEB1EA703F100D7FA05 /* Main.storyboard */,
				C5AC3DEE1EA703F100D7FA05 /* Assets.xcassets */,
				C5AC3DF01EA703F100D7FA05 /* LaunchScreen.storyboard */,
				C5AC3DF31EA703F100D7FA05 /* Info.plist */,
			);
			path = AnimationDemo;
			sourceTree = "<group>";
		};
		C5AC3DF91EA704E900D7FA05 /* Tools */ = {
			isa = PBXGroup;
			children = (
				C5AC3DFA1EA704E900D7FA05 /* HLConstant.swift */,
			);
			path = Tools;
			sourceTree = "<group>";
		};
		C5AC3DFD1EA70B5D00D7FA05 /* Base */ = {
			isa = PBXGroup;
			children = (
				C5AC3DFE1EA70B5D00D7FA05 /* HLBaseViewController.swift */,
			);
			path = Base;
			sourceTree = "<group>";
		};
		C5AC3E021EA732A500D7FA05 /* ExplicitAnimations */ = {
			isa = PBXGroup;
			children = (
				C5AC3E031EA732A500D7FA05 /* PropertyAnimationViewController.swift */,
				C5AC3E051EA7448E00D7FA05 /* KeyframeAnimationsViewController.swift */,
				C5AC3E071EA7628000D7FA05 /* VirtualPropertyAnimationViewController.swift */,
				C5AC3E091EA768A200D7FA05 /* GroupsAnimationViewController.swift */,
				C5AC3E0B1EA76D6B00D7FA05 /* TransitionsAnimationViewController.swift */,
				C5AC3E0D1EA780A800D7FA05 /* CustomTransitionsViewController.swift */,
			);
			path = ExplicitAnimations;
			sourceTree = "<group>";
		};
		C5AC3E0F1EA78AD400D7FA05 /* ImplicitAnimations */ = {
			isa = PBXGroup;
			children = (
				C5AC3E101EA78AEF00D7FA05 /* ImplicitAnimationsViewController.swift */,
			);
			path = ImplicitAnimations;
			sourceTree = "<group>";
		};
/* End PBXGroup section */

/* Begin PBXNativeTarget section */
		C5AC3DE31EA703F000D7FA05 /* AnimationDemo */ = {
			isa = PBXNativeTarget;
			buildConfigurationList = C5AC3DF61EA703F100D7FA05 /* Build configuration list for PBXNativeTarget "AnimationDemo" */;
			buildPhases = (
				C5AC3DE01EA703F000D7FA05 /* Sources */,
				C5AC3DE11EA703F000D7FA05 /* Frameworks */,
				C5AC3DE21EA703F000D7FA05 /* Resources */,
			);
			buildRules = (
			);
			dependencies = (
			);
			name = AnimationDemo;
			productName = AnimationDemo;
			productReference = C5AC3DE41EA703F000D7FA05 /* AnimationDemo.app */;
			productType = "com.apple.product-type.application";
		};
/* End PBXNativeTarget section */

/* Begin PBXProject section */
		C5AC3DDC1EA703F000D7FA05 /* Project object */ = {
			isa = PBXProject;
			attributes = {
				LastSwiftUpdateCheck = 0830;
				LastUpgradeCheck = 0830;
				ORGANIZATIONNAME = "刘浩";
				TargetAttributes = {
					C5AC3DE31EA703F000D7FA05 = {
						CreatedOnToolsVersion = 8.3.1;
						DevelopmentTeam = 3B2BW8P2NR;
						ProvisioningStyle = Automatic;
					};
				};
			};
			buildConfigurationList = C5AC3DDF1EA703F000D7FA05 /* Build configuration list for PBXProject "AnimationDemo" */;
			compatibilityVersion = "Xcode 3.2";
			developmentRegion = English;
			hasScannedForEncodings = 0;
			knownRegions = (
				en,
				Base,
			);
			mainGroup = C5AC3DDB1EA703F000D7FA05;
			productRefGroup = C5AC3DE51EA703F000D7FA05 /* Products */;
			projectDirPath = "";
			projectRoot = "";
			targets = (
				C5AC3DE31EA703F000D7FA05 /* AnimationDemo */,
			);
		};
/* End PBXProject section */

/* Begin PBXResourcesBuildPhase section */
		C5AC3DE21EA703F000D7FA05 /* Resources */ = {
			isa = PBXResourcesBuildPhase;
			buildActionMask = 2147483647;
			files = (
				C5AC3DF21EA703F100D7FA05 /* LaunchScreen.storyboard in Resources */,
				C5AC3DEF1EA703F100D7FA05 /* Assets.xcassets in Resources */,
				C5AC3DED1EA703F100D7FA05 /* Main.storyboard in Resources */,
			);
			runOnlyForDeploymentPostprocessing = 0;
		};
/* End PBXResourcesBuildPhase section */

/* Begin PBXSourcesBuildPhase section */
		C5AC3DE01EA703F000D7FA05 /* Sources */ = {
			isa = PBXSourcesBuildPhase;
			buildActionMask = 2147483647;
			files = (
				C5AC3DEA1EA703F100D7FA05 /* ViewController.swift in Sources */,
				C5AC3DE81EA703F100D7FA05 /* AppDelegate.swift in Sources */,
				C5AC3E111EA78AEF00D7FA05 /* ImplicitAnimationsViewController.swift in Sources */,
				C5AC3E041EA732A500D7FA05 /* PropertyAnimationViewController.swift in Sources */,
				C5AC3E061EA7448E00D7FA05 /* KeyframeAnimationsViewController.swift in Sources */,
				C5AC3E0E1EA780A800D7FA05 /* CustomTransitionsViewController.swift in Sources */,
				C5AC3DFB1EA704E900D7FA05 /* HLConstant.swift in Sources */,
				C5AC3E0C1EA76D6B00D7FA05 /* TransitionsAnimationViewController.swift in Sources */,
				C5AC3E0A1EA768A200D7FA05 /* GroupsAnimationViewController.swift in Sources */,
				C5AC3E081EA7628000D7FA05 /* VirtualPropertyAnimationViewController.swift in Sources */,
				C5AC3DFF1EA70B5D00D7FA05 /* HLBaseViewController.swift in Sources */,
			);
			runOnlyForDeploymentPostprocessing = 0;
		};
/* End PBXSourcesBuildPhase section */

/* Begin PBXVariantGroup section */
		C5AC3DEB1EA703F100D7FA05 /* Main.storyboard */ = {
			isa = PBXVariantGroup;
			children = (
				C5AC3DEC1EA703F100D7FA05 /* Base */,
			);
			name = Main.storyboard;
			sourceTree = "<group>";
		};
		C5AC3DF01EA703F100D7FA05 /* LaunchScreen.storyboard */ = {
			isa = PBXVariantGroup;
			children = (
				C5AC3DF11EA703F100D7FA05 /* Base */,
			);
			name = LaunchScreen.storyboard;
			sourceTree = "<group>";
		};
/* End PBXVariantGroup section */

/* Begin XCBuildConfiguration section */
		C5AC3DF41EA703F100D7FA05 /* Debug */ = {
			isa = XCBuildConfiguration;
			buildSettings = {
				ALWAYS_SEARCH_USER_PATHS = NO;
				CLANG_ANALYZER_NONNULL = YES;
				CLANG_ANALYZER_NUMBER_OBJECT_CONVERSION = YES_AGGRESSIVE;
				CLANG_CXX_LANGUAGE_STANDARD = "gnu++0x";
				CLANG_CXX_LIBRARY = "libc++";
				CLANG_ENABLE_MODULES = YES;
				CLANG_ENABLE_OBJC_ARC = YES;
				CLANG_WARN_BOOL_CONVERSION = YES;
				CLANG_WARN_CONSTANT_CONVERSION = YES;
				CLANG_WARN_DIRECT_OBJC_ISA_USAGE = YES_ERROR;
				CLANG_WARN_DOCUMENTATION_COMMENTS = YES;
				CLANG_WARN_EMPTY_BODY = YES;
				CLANG_WARN_ENUM_CONVERSION = YES;
				CLANG_WARN_INFINITE_RECURSION = YES;
				CLANG_WARN_INT_CONVERSION = YES;
				CLANG_WARN_OBJC_ROOT_CLASS = YES_ERROR;
				CLANG_WARN_SUSPICIOUS_MOVE = YES;
				CLANG_WARN_UNREACHABLE_CODE = YES;
				CLANG_WARN__DUPLICATE_METHOD_MATCH = YES;
				"CODE_SIGN_IDENTITY[sdk=iphoneos*]" = "iPhone Developer";
				COPY_PHASE_STRIP = NO;
				DEBUG_INFORMATION_FORMAT = dwarf;
				ENABLE_STRICT_OBJC_MSGSEND = YES;
				ENABLE_TESTABILITY = YES;
				GCC_C_LANGUAGE_STANDARD = gnu99;
				GCC_DYNAMIC_NO_PIC = NO;
				GCC_NO_COMMON_BLOCKS = YES;
				GCC_OPTIMIZATION_LEVEL = 0;
				GCC_PREPROCESSOR_DEFINITIONS = (
					"DEBUG=1",
					"$(inherited)",
				);
				GCC_WARN_64_TO_32_BIT_CONVERSION = YES;
				GCC_WARN_ABOUT_RETURN_TYPE = YES_ERROR;
				GCC_WARN_UNDECLARED_SELECTOR = YES;
				GCC_WARN_UNINITIALIZED_AUTOS = YES_AGGRESSIVE;
				GCC_WARN_UNUSED_FUNCTION = YES;
				GCC_WARN_UNUSED_VARIABLE = YES;
				IPHONEOS_DEPLOYMENT_TARGET = 10.3;
				MTL_ENABLE_DEBUG_INFO = YES;
				ONLY_ACTIVE_ARCH = YES;
				SDKROOT = iphoneos;
				SWIFT_ACTIVE_COMPILATION_CONDITIONS = DEBUG;
				SWIFT_OPTIMIZATION_LEVEL = "-Onone";
				TARGETED_DEVICE_FAMILY = "1,2";
			};
			name = Debug;
		};
		C5AC3DF51EA703F100D7FA05 /* Release */ = {
			isa = XCBuildConfiguration;
			buildSettings = {
				ALWAYS_SEARCH_USER_PATHS = NO;
				CLANG_ANALYZER_NONNULL = YES;
				CLANG_ANALYZER_NUMBER_OBJECT_CONVERSION = YES_AGGRESSIVE;
				CLANG_CXX_LANGUAGE_STANDARD = "gnu++0x";
				CLANG_CXX_LIBRARY = "libc++";
				CLANG_ENABLE_MODULES = YES;
				CLANG_ENABLE_OBJC_ARC = YES;
				CLANG_WARN_BOOL_CONVERSION = YES;
				CLANG_WARN_CONSTANT_CONVERSION = YES;
				CLANG_WARN_DIRECT_OBJC_ISA_USAGE = YES_ERROR;
				CLANG_WARN_DOCUMENTATION_COMMENTS = YES;
				CLANG_WARN_EMPTY_BODY = YES;
				CLANG_WARN_ENUM_CONVERSION = YES;
				CLANG_WARN_INFINITE_RECURSION = YES;
				CLANG_WARN_INT_CONVERSION = YES;
				CLANG_WARN_OBJC_ROOT_CLASS = YES_ERROR;
				CLANG_WARN_SUSPICIOUS_MOVE = YES;
				CLANG_WARN_UNREACHABLE_CODE = YES;
				CLANG_WARN__DUPLICATE_METHOD_MATCH = YES;
				"CODE_SIGN_IDENTITY[sdk=iphoneos*]" = "iPhone Developer";
				COPY_PHASE_STRIP = NO;
				DEBUG_INFORMATION_FORMAT = "dwarf-with-dsym";
				ENABLE_NS_ASSERTIONS = NO;
				ENABLE_STRICT_OBJC_MSGSEND = YES;
				GCC_C_LANGUAGE_STANDARD = gnu99;
				GCC_NO_COMMON_BLOCKS = YES;
				GCC_WARN_64_TO_32_BIT_CONVERSION = YES;
				GCC_WARN_ABOUT_RETURN_TYPE = YES_ERROR;
				GCC_WARN_UNDECLARED_SELECTOR = YES;
				GCC_WARN_UNINITIALIZED_AUTOS = YES_AGGRESSIVE;
				GCC_WARN_UNUSED_FUNCTION = YES;
				GCC_WARN_UNUSED_VARIABLE = YES;
				IPHONEOS_DEPLOYMENT_TARGET = 10.3;
				MTL_ENABLE_DEBUG_INFO = NO;
				SDKROOT = iphoneos;
				SWIFT_OPTIMIZATION_LEVEL = "-Owholemodule";
				TARGETED_DEVICE_FAMILY = "1,2";
				VALIDATE_PRODUCT = YES;
			};
			name = Release;
		};
		C5AC3DF71EA703F100D7FA05 /* Debug */ = {
			isa = XCBuildConfiguration;
			buildSettings = {
				ASSETCATALOG_COMPILER_APPICON_NAME = AppIcon;
				DEVELOPMENT_TEAM = 3B2BW8P2NR;
				INFOPLIST_FILE = AnimationDemo/Info.plist;
				LD_RUNPATH_SEARCH_PATHS = "$(inherited) @executable_path/Frameworks";
				PRODUCT_BUNDLE_IDENTIFIER = com.harwordliu.AnimationDemo;
				PRODUCT_NAME = "$(TARGET_NAME)";
				SWIFT_VERSION = 3.0;
			};
			name = Debug;
		};
		C5AC3DF81EA703F100D7FA05 /* Release */ = {
			isa = XCBuildConfiguration;
			buildSettings = {
				ASSETCATALOG_COMPILER_APPICON_NAME = AppIcon;
				DEVELOPMENT_TEAM = 3B2BW8P2NR;
				INFOPLIST_FILE = AnimationDemo/Info.plist;
				LD_RUNPATH_SEARCH_PATHS = "$(inherited) @executable_path/Frameworks";
				PRODUCT_BUNDLE_IDENTIFIER = com.harwordliu.AnimationDemo;
				PRODUCT_NAME = "$(TARGET_NAME)";
				SWIFT_VERSION = 3.0;
			};
			name = Release;
		};
/* End XCBuildConfiguration section */

/* Begin XCConfigurationList section */
		C5AC3DDF1EA703F000D7FA05 /* Build configuration list for PBXProject "AnimationDemo" */ = {
			isa = XCConfigurationList;
			buildConfigurations = (
				C5AC3DF41EA703F100D7FA05 /* Debug */,
				C5AC3DF51EA703F100D7FA05 /* Release */,
			);
			defaultConfigurationIsVisible = 0;
			defaultConfigurationName = Release;
		};
		C5AC3DF61EA703F100D7FA05 /* Build configuration list for PBXNativeTarget "AnimationDemo" */ = {
			isa = XCConfigurationList;
			buildConfigurations = (
				C5AC3DF71EA703F100D7FA05 /* Debug */,
				C5AC3DF81EA703F100D7FA05 /* Release */,
			);
			defaultConfigurationIsVisible = 0;
			defaultConfigurationName = Release;
		};
/* End XCConfigurationList section */
	};
	rootObject = C5AC3DDC1EA703F000D7FA05 /* Project object */;
}
